
Microsoft Visual Studio Solution File, Format Version 12.00
# Visual Studio 15
VisualStudioVersion = 15.0.28307.168
MinimumVisualStudioVersion = 10.0.40219.1
Project("{FAE04EC0-301F-11D3-BF4B-00C04F79EFBC}") = "PulseTrainGenerator", "PulseTrainGenerator\PulseTrainGenerator.csproj", "{77DE2141-232F-47F9-B82B-FA6FEC7C823A}"
EndProject
Global
	GlobalSection(SolutionConfigurationPlatforms) = preSolution
		Debug|Any CPU = Debug|Any CPU
		Release|Any CPU = Release|Any CPU
	EndGlobalSection
	GlobalSection(ProjectConfigurationPlatforms) = postSolution
		{77DE2141-232F-47F9-B82B-FA6FEC7C823A}.Debug|Any CPU.ActiveCfg = Debug|Any CPU
		{77DE2141-232F-47F9-B82B-FA6FEC7C823A}.Debug|Any CPU.Build.0 = Debug|Any CPU
		{77DE2141-232F-47F9-B82B-FA6FEC7C823A}.Release|Any CPU.ActiveCfg = Release|Any CPU
		{77DE2141-232F-47F9-B82B-FA6FEC7C823A}.Release|Any CPU.Build.0 = Release|Any CPU
	EndGlobalSection
	GlobalSection(SolutionProperties) = preSolution
		HideSolutionNode = FALSE
	EndGlobalSection
	GlobalSection(ExtensibilityGlobals) = postSolution
		SolutionGuid = {973C216F-58D5-4D67-9CB2-31097F83BBA6}
	EndGlobalSection
EndGlobal
